
Microsoft Visual Studio Solution File, Format Version 12.00
# Visual Studio Version 16
VisualStudioVersion = 16.0.32929.386
MinimumVisualStudioVersion = 10.0.40219.1
Project("{A07B5EB6-E848-4116-A8D0-A826331D98C6}") = "Ticket_Agency", "Ticket_Agency\Ticket_Agency.sfproj", "{71990FBA-1CC4-4868-9ECF-6C1BD6A5C799}"
EndProject
Project("{9A19103F-16F7-4668-BE54-9A1E7A4F7556}") = "ClientWebService", "ClientWebService\ClientWebService.csproj", "{50F07E84-8504-47A3-A8D1-3982638D56E0}"
EndProject
Project("{FAE04EC0-301F-11D3-BF4B-00C04F79EFBC}") = "ValidatorStatelessService", "ValidatorStatelessService\ValidatorStatelessService.csproj", "{40EEE6B9-1F02-4957-90B9-368C2370B449}"
EndProject
Project("{FAE04EC0-301F-11D3-BF4B-00C04F79EFBC}") = "TransactionCoordinatorStatefulService", "TransactionCoordinatorStatefulService\TransactionCoordinatorStatefulService.csproj", "{FDF4B9E3-EC0C-4778-89F7-BC226EA63C5C}"
EndProject
Project("{FAE04EC0-301F-11D3-BF4B-00C04F79EFBC}") = "BankStatefulService", "BankStatefulService\BankStatefulService.csproj", "{7792AC56-6394-4FA3-A282-85D0BF4E69B3}"
EndProject
Project("{FAE04EC0-301F-11D3-BF4B-00C04F79EFBC}") = "DepartureStatefulService", "DepartureStatefulService\DepartureStatefulService.csproj", "{026A7DB7-B914-4720-856A-AEC90802C159}"
EndProject
Project("{FAE04EC0-301F-11D3-BF4B-00C04F79EFBC}") = "UserStatefulService", "UserStatefulService\UserStatefulService.csproj", "{4D9DB655-5DF9-409C-94A2-0FC9FCF8C73C}"
EndProject
Project("{FAE04EC0-301F-11D3-BF4B-00C04F79EFBC}") = "Common", "Common\Common.csproj", "{C160C280-DC14-49A7-AF51-4ED62541EE2C}"
EndProject
Project("{FAE04EC0-301F-11D3-BF4B-00C04F79EFBC}") = "EmailStatelessService", "EmailStatelessService\EmailStatelessService.csproj", "{67445A06-C517-4C4C-AB3C-DE1486A95AB9}"
EndProject
Project("{FAE04EC0-301F-11D3-BF4B-00C04F79EFBC}") = "WeatherStatelessService", "WeatherStatelessService\WeatherStatelessService.csproj", "{1D14D8E3-51C8-4B67-B08F-FA0273CA223F}"
EndProject
Global
	GlobalSection(SolutionConfigurationPlatforms) = preSolution
		Debug|Any CPU = Debug|Any CPU
		Debug|x64 = Debug|x64
		Release|Any CPU = Release|Any CPU
		Release|x64 = Release|x64
	EndGlobalSection
	GlobalSection(ProjectConfigurationPlatforms) = postSolution
		{71990FBA-1CC4-4868-9ECF-6C1BD6A5C799}.Debug|Any CPU.ActiveCfg = Debug|x64
		{71990FBA-1CC4-4868-9ECF-6C1BD6A5C799}.Debug|x64.ActiveCfg = Debug|x64
		{71990FBA-1CC4-4868-9ECF-6C1BD6A5C799}.Debug|x64.Build.0 = Debug|x64
		{71990FBA-1CC4-4868-9ECF-6C1BD6A5C799}.Debug|x64.Deploy.0 = Debug|x64
		{71990FBA-1CC4-4868-9ECF-6C1BD6A5C799}.Release|Any CPU.ActiveCfg = Release|x64
		{71990FBA-1CC4-4868-9ECF-6C1BD6A5C799}.Release|x64.ActiveCfg = Release|x64
		{71990FBA-1CC4-4868-9ECF-6C1BD6A5C799}.Release|x64.Build.0 = Release|x64
		{71990FBA-1CC4-4868-9ECF-6C1BD6A5C799}.Release|x64.Deploy.0 = Release|x64
		{50F07E84-8504-47A3-A8D1-3982638D56E0}.Debug|Any CPU.ActiveCfg = Debug|Any CPU
		{50F07E84-8504-47A3-A8D1-3982638D56E0}.Debug|Any CPU.Build.0 = Debug|Any CPU
		{50F07E84-8504-47A3-A8D1-3982638D56E0}.Debug|x64.ActiveCfg = Debug|Any CPU
		{50F07E84-8504-47A3-A8D1-3982638D56E0}.Debug|x64.Build.0 = Debug|Any CPU
		{50F07E84-8504-47A3-A8D1-3982638D56E0}.Release|Any CPU.ActiveCfg = Release|Any CPU
		{50F07E84-8504-47A3-A8D1-3982638D56E0}.Release|Any CPU.Build.0 = Release|Any CPU
		{50F07E84-8504-47A3-A8D1-3982638D56E0}.Release|x64.ActiveCfg = Release|Any CPU
		{50F07E84-8504-47A3-A8D1-3982638D56E0}.Release|x64.Build.0 = Release|Any CPU
		{40EEE6B9-1F02-4957-90B9-368C2370B449}.Debug|Any CPU.ActiveCfg = Debug|x64
		{40EEE6B9-1F02-4957-90B9-368C2370B449}.Debug|x64.ActiveCfg = Debug|x64
		{40EEE6B9-1F02-4957-90B9-368C2370B449}.Debug|x64.Build.0 = Debug|x64
		{40EEE6B9-1F02-4957-90B9-368C2370B449}.Release|Any CPU.ActiveCfg = Release|x64
		{40EEE6B9-1F02-4957-90B9-368C2370B449}.Release|x64.ActiveCfg = Release|x64
		{40EEE6B9-1F02-4957-90B9-368C2370B449}.Release|x64.Build.0 = Release|x64
		{FDF4B9E3-EC0C-4778-89F7-BC226EA63C5C}.Debug|Any CPU.ActiveCfg = Debug|x64
		{FDF4B9E3-EC0C-4778-89F7-BC226EA63C5C}.Debug|x64.ActiveCfg = Debug|x64
		{FDF4B9E3-EC0C-4778-89F7-BC226EA63C5C}.Debug|x64.Build.0 = Debug|x64
		{FDF4B9E3-EC0C-4778-89F7-BC226EA63C5C}.Release|Any CPU.ActiveCfg = Release|x64
		{FDF4B9E3-EC0C-4778-89F7-BC226EA63C5C}.Release|x64.ActiveCfg = Release|x64
		{FDF4B9E3-EC0C-4778-89F7-BC226EA63C5C}.Release|x64.Build.0 = Release|x64
		{7792AC56-6394-4FA3-A282-85D0BF4E69B3}.Debug|Any CPU.ActiveCfg = Debug|x64
		{7792AC56-6394-4FA3-A282-85D0BF4E69B3}.Debug|x64.ActiveCfg = Debug|x64
		{7792AC56-6394-4FA3-A282-85D0BF4E69B3}.Debug|x64.Build.0 = Debug|x64
		{7792AC56-6394-4FA3-A282-85D0BF4E69B3}.Release|Any CPU.ActiveCfg = Release|x64
		{7792AC56-6394-4FA3-A282-85D0BF4E69B3}.Release|x64.ActiveCfg = Release|x64
		{7792AC56-6394-4FA3-A282-85D0BF4E69B3}.Release|x64.Build.0 = Release|x64
		{026A7DB7-B914-4720-856A-AEC90802C159}.Debug|Any CPU.ActiveCfg = Debug|x64
		{026A7DB7-B914-4720-856A-AEC90802C159}.Debug|x64.ActiveCfg = Debug|x64
		{026A7DB7-B914-4720-856A-AEC90802C159}.Debug|x64.Build.0 = Debug|x64
		{026A7DB7-B914-4720-856A-AEC90802C159}.Release|Any CPU.ActiveCfg = Release|x64
		{026A7DB7-B914-4720-856A-AEC90802C159}.Release|x64.ActiveCfg = Release|x64
		{026A7DB7-B914-4720-856A-AEC90802C159}.Release|x64.Build.0 = Release|x64
		{4D9DB655-5DF9-409C-94A2-0FC9FCF8C73C}.Debug|Any CPU.ActiveCfg = Debug|x64
		{4D9DB655-5DF9-409C-94A2-0FC9FCF8C73C}.Debug|x64.ActiveCfg = Debug|x64
		{4D9DB655-5DF9-409C-94A2-0FC9FCF8C73C}.Debug|x64.Build.0 = Debug|x64
		{4D9DB655-5DF9-409C-94A2-0FC9FCF8C73C}.Release|Any CPU.ActiveCfg = Release|x64
		{4D9DB655-5DF9-409C-94A2-0FC9FCF8C73C}.Release|x64.ActiveCfg = Release|x64
		{4D9DB655-5DF9-409C-94A2-0FC9FCF8C73C}.Release|x64.Build.0 = Release|x64
		{C160C280-DC14-49A7-AF51-4ED62541EE2C}.Debug|Any CPU.ActiveCfg = Debug|Any CPU
		{C160C280-DC14-49A7-AF51-4ED62541EE2C}.Debug|Any CPU.Build.0 = Debug|Any CPU
		{C160C280-DC14-49A7-AF51-4ED62541EE2C}.Debug|x64.ActiveCfg = Debug|Any CPU
		{C160C280-DC14-49A7-AF51-4ED62541EE2C}.Debug|x64.Build.0 = Debug|Any CPU
		{C160C280-DC14-49A7-AF51-4ED62541EE2C}.Release|Any CPU.ActiveCfg = Release|Any CPU
		{C160C280-DC14-49A7-AF51-4ED62541EE2C}.Release|Any CPU.Build.0 = Release|Any CPU
		{C160C280-DC14-49A7-AF51-4ED62541EE2C}.Release|x64.ActiveCfg = Release|Any CPU
		{C160C280-DC14-49A7-AF51-4ED62541EE2C}.Release|x64.Build.0 = Release|Any CPU
		{67445A06-C517-4C4C-AB3C-DE1486A95AB9}.Debug|Any CPU.ActiveCfg = Debug|x64
		{67445A06-C517-4C4C-AB3C-DE1486A95AB9}.Debug|x64.ActiveCfg = Debug|x64
		{67445A06-C517-4C4C-AB3C-DE1486A95AB9}.Debug|x64.Build.0 = Debug|x64
		{67445A06-C517-4C4C-AB3C-DE1486A95AB9}.Release|Any CPU.ActiveCfg = Release|x64
		{67445A06-C517-4C4C-AB3C-DE1486A95AB9}.Release|x64.ActiveCfg = Release|x64
		{67445A06-C517-4C4C-AB3C-DE1486A95AB9}.Release|x64.Build.0 = Release|x64
		{1D14D8E3-51C8-4B67-B08F-FA0273CA223F}.Debug|Any CPU.ActiveCfg = Debug|x64
		{1D14D8E3-51C8-4B67-B08F-FA0273CA223F}.Debug|x64.ActiveCfg = Debug|x64
		{1D14D8E3-51C8-4B67-B08F-FA0273CA223F}.Debug|x64.Build.0 = Debug|x64
		{1D14D8E3-51C8-4B67-B08F-FA0273CA223F}.Release|Any CPU.ActiveCfg = Release|x64
		{1D14D8E3-51C8-4B67-B08F-FA0273CA223F}.Release|x64.ActiveCfg = Release|x64
		{1D14D8E3-51C8-4B67-B08F-FA0273CA223F}.Release|x64.Build.0 = Release|x64
	EndGlobalSection
	GlobalSection(SolutionProperties) = preSolution
		HideSolutionNode = FALSE
	EndGlobalSection
	GlobalSection(ExtensibilityGlobals) = postSolution
		SolutionGuid = {9AE146FA-9BE4-41E6-9FF5-979DCC42FAE8}
	EndGlobalSection
EndGlobal
